
Microsoft Visual Studio Solution File, Format Version 12.00
# Visual Studio 15
Project("{FAE04EC0-301F-11D3-BF4B-00C04F79EFBC}") = "Oculus.Platform", "Oculus.Platform.csproj", "{AF930EFC-B3C0-1772-9A74-96342EB3B987}"
EndProject
Project("{FAE04EC0-301F-11D3-BF4B-00C04F79EFBC}") = "Assembly-CSharp", "Assembly-CSharp.csproj", "{2E032FD8-9549-97FD-4D42-199DEA7F2FAF}"
EndProject
Project("{FAE04EC0-301F-11D3-BF4B-00C04F79EFBC}") = "Oculus.Platform.Editor", "Oculus.Platform.Editor.csproj", "{08F24227-3596-9FEC-24CE-3B868ADDE73C}"
EndProject
Global
	GlobalSection(SolutionConfigurationPlatforms) = preSolution
		Debug|Any CPU = Debug|Any CPU
		Release|Any CPU = Release|Any CPU
	EndGlobalSection
	GlobalSection(ProjectConfigurationPlatforms) = postSolution
		{AF930EFC-B3C0-1772-9A74-96342EB3B987}.Debug|Any CPU.ActiveCfg = Debug|Any CPU
		{AF930EFC-B3C0-1772-9A74-96342EB3B987}.Debug|Any CPU.Build.0 = Debug|Any CPU
		{AF930EFC-B3C0-1772-9A74-96342EB3B987}.Release|Any CPU.ActiveCfg = Release|Any CPU
		{AF930EFC-B3C0-1772-9A74-96342EB3B987}.Release|Any CPU.Build.0 = Release|Any CPU
		{2E032FD8-9549-97FD-4D42-199DEA7F2FAF}.Debug|Any CPU.ActiveCfg = Debug|Any CPU
		{2E032FD8-9549-97FD-4D42-199DEA7F2FAF}.Debug|Any CPU.Build.0 = Debug|Any CPU
		{2E032FD8-9549-97FD-4D42-199DEA7F2FAF}.Release|Any CPU.ActiveCfg = Release|Any CPU
		{2E032FD8-9549-97FD-4D42-199DEA7F2FAF}.Release|Any CPU.Build.0 = Release|Any CPU
		{08F24227-3596-9FEC-24CE-3B868ADDE73C}.Debug|Any CPU.ActiveCfg = Debug|Any CPU
		{08F24227-3596-9FEC-24CE-3B868ADDE73C}.Debug|Any CPU.Build.0 = Debug|Any CPU
		{08F24227-3596-9FEC-24CE-3B868ADDE73C}.Release|Any CPU.ActiveCfg = Release|Any CPU
		{08F24227-3596-9FEC-24CE-3B868ADDE73C}.Release|Any CPU.Build.0 = Release|Any CPU
	EndGlobalSection
	GlobalSection(SolutionProperties) = preSolution
		HideSolutionNode = FALSE
	EndGlobalSection
EndGlobal
